
Microsoft Visual Studio Solution File, Format Version 12.00
# Visual Studio Version 16
VisualStudioVersion = 16.0.31005.135
MinimumVisualStudioVersion = 10.0.40219.1
Project("{9A19103F-16F7-4668-BE54-9A1E7A4F7556}") = "XFin.API", "XFin.API\XFin.API.csproj", "{6025CE65-F982-4612-8592-59E19398B7AD}"
EndProject
Project("{FAE04EC0-301F-11D3-BF4B-00C04F79EFBC}") = "XFin.API.Core", "XFin.API.Core\XFin.API.Core.csproj", "{B644A5EE-BE29-44DB-AB52-DB850A54E4CD}"
EndProject
Global
	GlobalSection(SolutionConfigurationPlatforms) = preSolution
		Debug|Any CPU = Debug|Any CPU
		Release|Any CPU = Release|Any CPU
	EndGlobalSection
	GlobalSection(ProjectConfigurationPlatforms) = postSolution
		{6025CE65-F982-4612-8592-59E19398B7AD}.Debug|Any CPU.ActiveCfg = Debug|Any CPU
		{6025CE65-F982-4612-8592-59E19398B7AD}.Debug|Any CPU.Build.0 = Debug|Any CPU
		{6025CE65-F982-4612-8592-59E19398B7AD}.Release|Any CPU.ActiveCfg = Release|Any CPU
		{6025CE65-F982-4612-8592-59E19398B7AD}.Release|Any CPU.Build.0 = Release|Any CPU
		{B644A5EE-BE29-44DB-AB52-DB850A54E4CD}.Debug|Any CPU.ActiveCfg = Debug|Any CPU
		{B644A5EE-BE29-44DB-AB52-DB850A54E4CD}.Debug|Any CPU.Build.0 = Debug|Any CPU
		{B644A5EE-BE29-44DB-AB52-DB850A54E4CD}.Release|Any CPU.ActiveCfg = Release|Any CPU
		{B644A5EE-BE29-44DB-AB52-DB850A54E4CD}.Release|Any CPU.Build.0 = Release|Any CPU
	EndGlobalSection
	GlobalSection(SolutionProperties) = preSolution
		HideSolutionNode = FALSE
	EndGlobalSection
	GlobalSection(ExtensibilityGlobals) = postSolution
		SolutionGuid = {8F5E43C2-388C-4584-B901-EF2DB4F1D56E}
	EndGlobalSection
EndGlobal
